
Microsoft Visual Studio Solution File, Format Version 12.00
# Visual Studio Version 16
VisualStudioVersion = 16.0.31624.102
MinimumVisualStudioVersion = 10.0.40219.1
Project("{FAE04EC0-301F-11D3-BF4B-00C04F79EFBC}") = "EchoServerSimple", "EchoServerSimple\EchoServerSimple.csproj", "{680815CB-C547-42AB-AD88-86E3FA346FD6}"
EndProject
Global
	GlobalSection(SolutionConfigurationPlatforms) = preSolution
		Debug|Any CPU = Debug|Any CPU
		Release|Any CPU = Release|Any CPU
	EndGlobalSection
	GlobalSection(ProjectConfigurationPlatforms) = postSolution
		{680815CB-C547-42AB-AD88-86E3FA346FD6}.Debug|Any CPU.ActiveCfg = Debug|Any CPU
		{680815CB-C547-42AB-AD88-86E3FA346FD6}.Debug|Any CPU.Build.0 = Debug|Any CPU
		{680815CB-C547-42AB-AD88-86E3FA346FD6}.Release|Any CPU.ActiveCfg = Release|Any CPU
		{680815CB-C547-42AB-AD88-86E3FA346FD6}.Release|Any CPU.Build.0 = Release|Any CPU
	EndGlobalSection
	GlobalSection(SolutionProperties) = preSolution
		HideSolutionNode = FALSE
	EndGlobalSection
	GlobalSection(ExtensibilityGlobals) = postSolution
		SolutionGuid = {494A1827-3B36-4FAD-AA9C-4DB876D80FCF}
	EndGlobalSection
EndGlobal
